{
  "name": "ojt-pos-test",
  "version": "1.0.0",
<<<<<<< HEAD
  "lockfileVersion": 3,
=======
  "lockfileVersion": 2,
>>>>>>> 93ce961a2324728134f351521995f042df575406
  "requires": true,
  "packages": {
    "": {
      "name": "ojt-pos-test",
      "version": "1.0.0",
      "license": "ISC"
    }
  }
}
